
Microsoft Visual Studio Solution File, Format Version 12.00
# Visual Studio 15
VisualStudioVersion = 15.0.27004.2010
MinimumVisualStudioVersion = 10.0.40219.1
Project("{8BC9CEB8-8B4A-11D0-8D11-00A0C91BC942}") = "cxlexe", "build-support\cxlexe.vcxproj", "{20000002-0871-4008-843E-ED7359A8495A}"
EndProject
Project("{2150E333-8FDC-42A3-9474-1A3956D46DE8}") = "Solution Items", "Solution Items", "{88710206-C1FB-4A12-90B3-E5D4276C3A72}"
EndProject
Project("{911E67C6-3D85-4FCE-B560-20A9C3E3FF48}") = "cxl", "bazel-out\x64_windows-dbg\bin\src\cxl\cxl.exe", "{0CE3349D-D8F1-417F-B353-DC0E543F9F52}"
	ProjectSection(DebuggerProjectSystem) = preProject
		PortSupplier = 00000000-0000-0000-0000-000000000000
		Executable = C:\Users\benjamin\cxl\bazel-out\x64_windows-dbg\bin\src\cxl\cxl.exe
		RemoteMachine = KOMAJIRO
		StartingDirectory = C:\Users\benjamin\cxl\bazel-out\x64_windows-dbg\bin\src\cxl
		Environment = Default
		LaunchingEngine = 00000000-0000-0000-0000-000000000000
		UseLegacyDebugEngines = No
		LaunchSQLEngine = No
		AttachLaunchAction = No
	EndProjectSection
EndProject
Global
	GlobalSection(SolutionConfigurationPlatforms) = preSolution
		Debug|x64 = Debug|x64
		Debug|x86 = Debug|x86
		Release|x64 = Release|x64
		Release|x86 = Release|x86
	EndGlobalSection
	GlobalSection(ProjectConfigurationPlatforms) = postSolution
		{20000002-0871-4008-843E-ED7359A8495A}.Debug|x64.ActiveCfg = Debug|x64
		{20000002-0871-4008-843E-ED7359A8495A}.Debug|x64.Build.0 = Debug|x64
		{20000002-0871-4008-843E-ED7359A8495A}.Debug|x86.ActiveCfg = Debug|x64
		{20000002-0871-4008-843E-ED7359A8495A}.Debug|x86.Build.0 = Debug|x64
		{20000002-0871-4008-843E-ED7359A8495A}.Release|x64.ActiveCfg = Release|x64
		{20000002-0871-4008-843E-ED7359A8495A}.Release|x64.Build.0 = Release|x64
		{20000002-0871-4008-843E-ED7359A8495A}.Release|x86.ActiveCfg = Debug|x64
		{20000002-0871-4008-843E-ED7359A8495A}.Release|x86.Build.0 = Debug|x64
		{0CE3349D-D8F1-417F-B353-DC0E543F9F52}.Debug|x64.ActiveCfg = Release|x64
		{0CE3349D-D8F1-417F-B353-DC0E543F9F52}.Debug|x86.ActiveCfg = Release|x64
		{0CE3349D-D8F1-417F-B353-DC0E543F9F52}.Release|x64.ActiveCfg = Release|x64
		{0CE3349D-D8F1-417F-B353-DC0E543F9F52}.Release|x86.ActiveCfg = Release|x64
	EndGlobalSection
	GlobalSection(SolutionProperties) = preSolution
		HideSolutionNode = FALSE
	EndGlobalSection
	GlobalSection(ExtensibilityGlobals) = postSolution
		SolutionGuid = {30000003-2620-4D5B-A6A3-04B8B06ED8DA}
	EndGlobalSection
EndGlobal
