<?xml version="1.0" encoding="utf-8"?>
<Project ToolsVersion="4.0" xmlns="http://schemas.microsoft.com/developer/msbuild/2003">
  <ItemGroup>
    <Filter Include="cxx">
      <UniqueIdentifier>{c1b71232-3764-46b7-b5fe-2891a86882e8}</UniqueIdentifier>
    </Filter>
  </ItemGroup>
  <ItemGroup>
    <ClCompile Include="$(SolutionDir)\src\cxl\cxl.m.cxx">
      <Filter>cxx</Filter>
    </ClCompile>
    <ClCompile Include="..\src\ral\raldsp\raldsp_filter.cxx">
      <Filter>cxx</Filter>
    </ClCompile>
    <ClCompile Include="..\src\ral\raldsp\raldsp_idspoutput.cxx">
      <Filter>cxx</Filter>
    </ClCompile>
    <ClCompile Include="..\src\ral\raldsp\raldsp_mixer.cxx">
      <Filter>cxx</Filter>
    </ClCompile>
    <ClCompile Include="..\src\ral\raldsp\raldsp_sampler.cxx">
      <Filter>cxx</Filter>
    </ClCompile>
    <ClCompile Include="..\src\ral\ralio\ralio_asio.cxx">
      <Filter>cxx</Filter>
    </ClCompile>
    <ClCompile Include="..\src\ral\ralm\ralm_grid_sequencer.cxx">
      <Filter>cxx</Filter>
    </ClCompile>
    <ClCompile Include="..\src\ral\ralw\ralw_mpcwave.cxx">
      <Filter>cxx</Filter>
    </ClCompile>
    <ClCompile Include="..\src\ral\ralw\ralw_wavetable.cxx">
      <Filter>cxx</Filter>
    </ClCompile>
    <ClCompile Include="..\src\ral\ralw\ralw_wavfile.cxx">
      <Filter>cxx</Filter>
    </ClCompile>
    <ClCompile Include="..\src\ral\ralw\ralw_wavstream.cxx">
      <Filter>cxx</Filter>
    </ClCompile>
    <ClCompile Include="..\src\cxl\cxl_reactor.cxx">
      <Filter>cxx</Filter>
    </ClCompile>
    <ClCompile Include="..\src\cxl\cxl_unit.cxx">
      <Filter>cxx</Filter>
    </ClCompile>
    <ClCompile Include="..\src\cxl\cxl_config.cxx">
      <Filter>cxx</Filter>
    </ClCompile>
    <ClCompile Include="..\src\rcl\rclt\rclt_util.cxx">
      <Filter>cxx</Filter>
    </ClCompile>
    <ClCompile Include="..\src\cxl\cxl_ui_root.cxx">
      <Filter>cxx</Filter>
    </ClCompile>
    <ClCompile Include="..\src\cxl\cxl_widget.cxx">
      <Filter>cxx</Filter>
    </ClCompile>
    <ClCompile Include="..\src\rcl\rclw\rclw_console.cxx">
      <Filter>cxx</Filter>
    </ClCompile>
    <ClCompile Include="..\src\rcl\rclw\rclw_console_canvas.cxx">
      <Filter>cxx</Filter>
    </ClCompile>
    <ClCompile Include="..\src\rcl\rclw\rclw_guid.cxx">
      <Filter>cxx</Filter>
    </ClCompile>
    <ClCompile Include="..\src\rcl\rclw\rclw_io.cxx">
      <Filter>cxx</Filter>
    </ClCompile>
    <ClCompile Include="..\src\rcl\rcls\rcls_file.cxx">
      <Filter>cxx</Filter>
    </ClCompile>
    <ClCompile Include="..\src\ral\raldsp\raldsp_math.cxx">
      <Filter>cxx</Filter>
    </ClCompile>
    <ClCompile Include="..\src\ral\raldsp\raldsp_syncdelay.cxx">
      <Filter>cxx</Filter>
    </ClCompile>
    <ClCompile Include="..\src\cxl\cxl_log.cxx">
      <Filter>cxx</Filter>
    </ClCompile>
  </ItemGroup>
</Project>